
Microsoft Visual Studio Solution File, Format Version 12.00
# Visual Studio 2013
VisualStudioVersion = 12.0.40629.0
MinimumVisualStudioVersion = 10.0.40219.1
Project("{FAE04EC0-301F-11D3-BF4B-00C04F79EFBC}") = "StudentManagement", "StudentManagement\StudentManagement.csproj", "{5708CB3B-EDA5-4C4B-A5AC-47D75A833125}"
EndProject
Project("{2150E333-8FDC-42A3-9474-1A3956D46DE8}") = "BL", "BL", "{7269FECB-5BCF-4230-9815-EEC0CD3FB85D}"
EndProject
Project("{FAE04EC0-301F-11D3-BF4B-00C04F79EFBC}") = "BL.Models", "BL.Models\BL.Models.csproj", "{95D3E059-FC3A-4FD9-9900-BBFDA7E34660}"
EndProject
Project("{FAE04EC0-301F-11D3-BF4B-00C04F79EFBC}") = "BL.Repositories", "BL.Repositories\BL.Repositories.csproj", "{0A2E7A27-D591-4714-AECD-F21658EE4F66}"
EndProject
Global
	GlobalSection(SolutionConfigurationPlatforms) = preSolution
		Debug|Any CPU = Debug|Any CPU
		Release|Any CPU = Release|Any CPU
	EndGlobalSection
	GlobalSection(ProjectConfigurationPlatforms) = postSolution
		{5708CB3B-EDA5-4C4B-A5AC-47D75A833125}.Debug|Any CPU.ActiveCfg = Debug|Any CPU
		{5708CB3B-EDA5-4C4B-A5AC-47D75A833125}.Debug|Any CPU.Build.0 = Debug|Any CPU
		{5708CB3B-EDA5-4C4B-A5AC-47D75A833125}.Release|Any CPU.ActiveCfg = Release|Any CPU
		{5708CB3B-EDA5-4C4B-A5AC-47D75A833125}.Release|Any CPU.Build.0 = Release|Any CPU
		{95D3E059-FC3A-4FD9-9900-BBFDA7E34660}.Debug|Any CPU.ActiveCfg = Debug|Any CPU
		{95D3E059-FC3A-4FD9-9900-BBFDA7E34660}.Debug|Any CPU.Build.0 = Debug|Any CPU
		{95D3E059-FC3A-4FD9-9900-BBFDA7E34660}.Release|Any CPU.ActiveCfg = Release|Any CPU
		{95D3E059-FC3A-4FD9-9900-BBFDA7E34660}.Release|Any CPU.Build.0 = Release|Any CPU
		{0A2E7A27-D591-4714-AECD-F21658EE4F66}.Debug|Any CPU.ActiveCfg = Debug|Any CPU
		{0A2E7A27-D591-4714-AECD-F21658EE4F66}.Debug|Any CPU.Build.0 = Debug|Any CPU
		{0A2E7A27-D591-4714-AECD-F21658EE4F66}.Release|Any CPU.ActiveCfg = Release|Any CPU
		{0A2E7A27-D591-4714-AECD-F21658EE4F66}.Release|Any CPU.Build.0 = Release|Any CPU
	EndGlobalSection
	GlobalSection(SolutionProperties) = preSolution
		HideSolutionNode = FALSE
	EndGlobalSection
	GlobalSection(NestedProjects) = preSolution
		{95D3E059-FC3A-4FD9-9900-BBFDA7E34660} = {7269FECB-5BCF-4230-9815-EEC0CD3FB85D}
		{0A2E7A27-D591-4714-AECD-F21658EE4F66} = {7269FECB-5BCF-4230-9815-EEC0CD3FB85D}
	EndGlobalSection
EndGlobal
